
Microsoft Visual Studio Solution File, Format Version 12.00
# Visual Studio 15
VisualStudioVersion = 15.0.27004.2009
MinimumVisualStudioVersion = 10.0.40219.1
Project("{8BC9CEB8-8B4A-11D0-8D11-00A0C91BC942}") = "SumOfK", "SumOfK\SumOfK.vcxproj", "{CC76A6B4-7C0A-4328-BD03-D50D5095E771}"
EndProject
Global
	GlobalSection(SolutionConfigurationPlatforms) = preSolution
		Debug|x64 = Debug|x64
		Debug|x86 = Debug|x86
		Release|x64 = Release|x64
		Release|x86 = Release|x86
	EndGlobalSection
	GlobalSection(ProjectConfigurationPlatforms) = postSolution
		{CC76A6B4-7C0A-4328-BD03-D50D5095E771}.Debug|x64.ActiveCfg = Debug|x64
		{CC76A6B4-7C0A-4328-BD03-D50D5095E771}.Debug|x64.Build.0 = Debug|x64
		{CC76A6B4-7C0A-4328-BD03-D50D5095E771}.Debug|x86.ActiveCfg = Debug|Win32
		{CC76A6B4-7C0A-4328-BD03-D50D5095E771}.Debug|x86.Build.0 = Debug|Win32
		{CC76A6B4-7C0A-4328-BD03-D50D5095E771}.Release|x64.ActiveCfg = Release|x64
		{CC76A6B4-7C0A-4328-BD03-D50D5095E771}.Release|x64.Build.0 = Release|x64
		{CC76A6B4-7C0A-4328-BD03-D50D5095E771}.Release|x86.ActiveCfg = Release|Win32
		{CC76A6B4-7C0A-4328-BD03-D50D5095E771}.Release|x86.Build.0 = Release|Win32
	EndGlobalSection
	GlobalSection(SolutionProperties) = preSolution
		HideSolutionNode = FALSE
	EndGlobalSection
	GlobalSection(ExtensibilityGlobals) = postSolution
		SolutionGuid = {50FCCD3E-0B3A-404F-B0FB-ECAF3F8B238A}
	EndGlobalSection
EndGlobal
