
Microsoft Visual Studio Solution File, Format Version 12.00
# Visual Studio 15
VisualStudioVersion = 15.0.27004.2009
MinimumVisualStudioVersion = 10.0.40219.1
Project("{8BC9CEB8-8B4A-11D0-8D11-00A0C91BC942}") = "RotatedSearch", "RotatedSearch\RotatedSearch.vcxproj", "{7A78F51B-96CE-407A-ACE5-466B9369214C}"
EndProject
Global
	GlobalSection(SolutionConfigurationPlatforms) = preSolution
		Debug|x64 = Debug|x64
		Debug|x86 = Debug|x86
		Release|x64 = Release|x64
		Release|x86 = Release|x86
	EndGlobalSection
	GlobalSection(ProjectConfigurationPlatforms) = postSolution
		{7A78F51B-96CE-407A-ACE5-466B9369214C}.Debug|x64.ActiveCfg = Debug|x64
		{7A78F51B-96CE-407A-ACE5-466B9369214C}.Debug|x64.Build.0 = Debug|x64
		{7A78F51B-96CE-407A-ACE5-466B9369214C}.Debug|x86.ActiveCfg = Debug|Win32
		{7A78F51B-96CE-407A-ACE5-466B9369214C}.Debug|x86.Build.0 = Debug|Win32
		{7A78F51B-96CE-407A-ACE5-466B9369214C}.Release|x64.ActiveCfg = Release|x64
		{7A78F51B-96CE-407A-ACE5-466B9369214C}.Release|x64.Build.0 = Release|x64
		{7A78F51B-96CE-407A-ACE5-466B9369214C}.Release|x86.ActiveCfg = Release|Win32
		{7A78F51B-96CE-407A-ACE5-466B9369214C}.Release|x86.Build.0 = Release|Win32
	EndGlobalSection
	GlobalSection(SolutionProperties) = preSolution
		HideSolutionNode = FALSE
	EndGlobalSection
	GlobalSection(ExtensibilityGlobals) = postSolution
		SolutionGuid = {A15A6F08-650F-4689-A7C7-F3C071411648}
	EndGlobalSection
EndGlobal
