
Microsoft Visual Studio Solution File, Format Version 12.00
# Visual Studio 15
VisualStudioVersion = 15.0.27004.2009
MinimumVisualStudioVersion = 10.0.40219.1
Project("{8BC9CEB8-8B4A-11D0-8D11-00A0C91BC942}") = "TicTacToe", "TicTacToe\TicTacToe.vcxproj", "{6FACCA84-DD2D-46B0-BEFA-870D69BBD2EE}"
EndProject
Global
	GlobalSection(SolutionConfigurationPlatforms) = preSolution
		Debug|x64 = Debug|x64
		Debug|x86 = Debug|x86
		Release|x64 = Release|x64
		Release|x86 = Release|x86
	EndGlobalSection
	GlobalSection(ProjectConfigurationPlatforms) = postSolution
		{6FACCA84-DD2D-46B0-BEFA-870D69BBD2EE}.Debug|x64.ActiveCfg = Debug|x64
		{6FACCA84-DD2D-46B0-BEFA-870D69BBD2EE}.Debug|x64.Build.0 = Debug|x64
		{6FACCA84-DD2D-46B0-BEFA-870D69BBD2EE}.Debug|x86.ActiveCfg = Debug|Win32
		{6FACCA84-DD2D-46B0-BEFA-870D69BBD2EE}.Debug|x86.Build.0 = Debug|Win32
		{6FACCA84-DD2D-46B0-BEFA-870D69BBD2EE}.Release|x64.ActiveCfg = Release|x64
		{6FACCA84-DD2D-46B0-BEFA-870D69BBD2EE}.Release|x64.Build.0 = Release|x64
		{6FACCA84-DD2D-46B0-BEFA-870D69BBD2EE}.Release|x86.ActiveCfg = Release|Win32
		{6FACCA84-DD2D-46B0-BEFA-870D69BBD2EE}.Release|x86.Build.0 = Release|Win32
	EndGlobalSection
	GlobalSection(SolutionProperties) = preSolution
		HideSolutionNode = FALSE
	EndGlobalSection
	GlobalSection(ExtensibilityGlobals) = postSolution
		SolutionGuid = {A4D064DC-18A8-4D2A-B760-23ECCF77C5C3}
	EndGlobalSection
EndGlobal
