
Microsoft Visual Studio Solution File, Format Version 12.00
# Visual Studio 15
VisualStudioVersion = 15.0.27004.2009
MinimumVisualStudioVersion = 10.0.40219.1
Project("{8BC9CEB8-8B4A-11D0-8D11-00A0C91BC942}") = "ArrayWithMissingInt", "ArrayWithMissingInt\ArrayWithMissingInt.vcxproj", "{EC220709-E6C5-4C22-BFA6-B6C5CC87ECE1}"
EndProject
Global
	GlobalSection(SolutionConfigurationPlatforms) = preSolution
		Debug|x64 = Debug|x64
		Debug|x86 = Debug|x86
		Release|x64 = Release|x64
		Release|x86 = Release|x86
	EndGlobalSection
	GlobalSection(ProjectConfigurationPlatforms) = postSolution
		{EC220709-E6C5-4C22-BFA6-B6C5CC87ECE1}.Debug|x64.ActiveCfg = Debug|x64
		{EC220709-E6C5-4C22-BFA6-B6C5CC87ECE1}.Debug|x64.Build.0 = Debug|x64
		{EC220709-E6C5-4C22-BFA6-B6C5CC87ECE1}.Debug|x86.ActiveCfg = Debug|Win32
		{EC220709-E6C5-4C22-BFA6-B6C5CC87ECE1}.Debug|x86.Build.0 = Debug|Win32
		{EC220709-E6C5-4C22-BFA6-B6C5CC87ECE1}.Release|x64.ActiveCfg = Release|x64
		{EC220709-E6C5-4C22-BFA6-B6C5CC87ECE1}.Release|x64.Build.0 = Release|x64
		{EC220709-E6C5-4C22-BFA6-B6C5CC87ECE1}.Release|x86.ActiveCfg = Release|Win32
		{EC220709-E6C5-4C22-BFA6-B6C5CC87ECE1}.Release|x86.Build.0 = Release|Win32
	EndGlobalSection
	GlobalSection(SolutionProperties) = preSolution
		HideSolutionNode = FALSE
	EndGlobalSection
	GlobalSection(ExtensibilityGlobals) = postSolution
		SolutionGuid = {65428A99-BBC1-42C2-B1C4-BD98C1011354}
	EndGlobalSection
EndGlobal
