
Microsoft Visual Studio Solution File, Format Version 12.00
# Visual Studio 15
VisualStudioVersion = 15.0.27130.2010
MinimumVisualStudioVersion = 10.0.40219.1
Project("{262852C6-CD72-467D-83FE-5EEB1973A190}") = "JavaScript", "JavaScript\JavaScript.jsproj", "{A2D14CDE-DFF6-48A5-8373-D4EBED5619FA}"
EndProject
Global
	GlobalSection(SolutionConfigurationPlatforms) = preSolution
		Debug|Any CPU = Debug|Any CPU
		Debug|ARM = Debug|ARM
		Debug|x64 = Debug|x64
		Debug|x86 = Debug|x86
		Release|Any CPU = Release|Any CPU
		Release|ARM = Release|ARM
		Release|x64 = Release|x64
		Release|x86 = Release|x86
	EndGlobalSection
	GlobalSection(ProjectConfigurationPlatforms) = postSolution
		{A2D14CDE-DFF6-48A5-8373-D4EBED5619FA}.Debug|Any CPU.ActiveCfg = Debug|Any CPU
		{A2D14CDE-DFF6-48A5-8373-D4EBED5619FA}.Debug|Any CPU.Build.0 = Debug|Any CPU
		{A2D14CDE-DFF6-48A5-8373-D4EBED5619FA}.Debug|Any CPU.Deploy.0 = Debug|Any CPU
		{A2D14CDE-DFF6-48A5-8373-D4EBED5619FA}.Debug|ARM.ActiveCfg = Debug|ARM
		{A2D14CDE-DFF6-48A5-8373-D4EBED5619FA}.Debug|ARM.Build.0 = Debug|ARM
		{A2D14CDE-DFF6-48A5-8373-D4EBED5619FA}.Debug|ARM.Deploy.0 = Debug|ARM
		{A2D14CDE-DFF6-48A5-8373-D4EBED5619FA}.Debug|x64.ActiveCfg = Debug|x64
		{A2D14CDE-DFF6-48A5-8373-D4EBED5619FA}.Debug|x64.Build.0 = Debug|x64
		{A2D14CDE-DFF6-48A5-8373-D4EBED5619FA}.Debug|x64.Deploy.0 = Debug|x64
		{A2D14CDE-DFF6-48A5-8373-D4EBED5619FA}.Debug|x86.ActiveCfg = Debug|x86
		{A2D14CDE-DFF6-48A5-8373-D4EBED5619FA}.Debug|x86.Build.0 = Debug|x86
		{A2D14CDE-DFF6-48A5-8373-D4EBED5619FA}.Debug|x86.Deploy.0 = Debug|x86
		{A2D14CDE-DFF6-48A5-8373-D4EBED5619FA}.Release|Any CPU.ActiveCfg = Release|Any CPU
		{A2D14CDE-DFF6-48A5-8373-D4EBED5619FA}.Release|Any CPU.Build.0 = Release|Any CPU
		{A2D14CDE-DFF6-48A5-8373-D4EBED5619FA}.Release|Any CPU.Deploy.0 = Release|Any CPU
		{A2D14CDE-DFF6-48A5-8373-D4EBED5619FA}.Release|ARM.ActiveCfg = Release|ARM
		{A2D14CDE-DFF6-48A5-8373-D4EBED5619FA}.Release|ARM.Build.0 = Release|ARM
		{A2D14CDE-DFF6-48A5-8373-D4EBED5619FA}.Release|ARM.Deploy.0 = Release|ARM
		{A2D14CDE-DFF6-48A5-8373-D4EBED5619FA}.Release|x64.ActiveCfg = Release|x64
		{A2D14CDE-DFF6-48A5-8373-D4EBED5619FA}.Release|x64.Build.0 = Release|x64
		{A2D14CDE-DFF6-48A5-8373-D4EBED5619FA}.Release|x64.Deploy.0 = Release|x64
		{A2D14CDE-DFF6-48A5-8373-D4EBED5619FA}.Release|x86.ActiveCfg = Release|x86
		{A2D14CDE-DFF6-48A5-8373-D4EBED5619FA}.Release|x86.Build.0 = Release|x86
		{A2D14CDE-DFF6-48A5-8373-D4EBED5619FA}.Release|x86.Deploy.0 = Release|x86
	EndGlobalSection
	GlobalSection(SolutionProperties) = preSolution
		HideSolutionNode = FALSE
	EndGlobalSection
	GlobalSection(ExtensibilityGlobals) = postSolution
		SolutionGuid = {C1D5BCB8-C989-417A-BF0C-7A6193974D8E}
	EndGlobalSection
EndGlobal
