
Microsoft Visual Studio Solution File, Format Version 12.00
# Visual Studio 15
VisualStudioVersion = 15.0.27004.2008
MinimumVisualStudioVersion = 10.0.40219.1
Project("{8BC9CEB8-8B4A-11D0-8D11-00A0C91BC942}") = "People", "People\People.vcxproj", "{C13CB75A-D8E1-4AE3-B489-849079BFF98C}"
EndProject
Global
	GlobalSection(SolutionConfigurationPlatforms) = preSolution
		Debug|x64 = Debug|x64
		Debug|x86 = Debug|x86
		Release|x64 = Release|x64
		Release|x86 = Release|x86
	EndGlobalSection
	GlobalSection(ProjectConfigurationPlatforms) = postSolution
		{C13CB75A-D8E1-4AE3-B489-849079BFF98C}.Debug|x64.ActiveCfg = Debug|x64
		{C13CB75A-D8E1-4AE3-B489-849079BFF98C}.Debug|x64.Build.0 = Debug|x64
		{C13CB75A-D8E1-4AE3-B489-849079BFF98C}.Debug|x86.ActiveCfg = Debug|Win32
		{C13CB75A-D8E1-4AE3-B489-849079BFF98C}.Debug|x86.Build.0 = Debug|Win32
		{C13CB75A-D8E1-4AE3-B489-849079BFF98C}.Release|x64.ActiveCfg = Release|x64
		{C13CB75A-D8E1-4AE3-B489-849079BFF98C}.Release|x64.Build.0 = Release|x64
		{C13CB75A-D8E1-4AE3-B489-849079BFF98C}.Release|x86.ActiveCfg = Release|Win32
		{C13CB75A-D8E1-4AE3-B489-849079BFF98C}.Release|x86.Build.0 = Release|Win32
	EndGlobalSection
	GlobalSection(SolutionProperties) = preSolution
		HideSolutionNode = FALSE
	EndGlobalSection
	GlobalSection(ExtensibilityGlobals) = postSolution
		SolutionGuid = {98A0818F-8D8E-4818-85D8-0F1E2F102800}
	EndGlobalSection
EndGlobal
