
Microsoft Visual Studio Solution File, Format Version 12.00
# Visual Studio 15
VisualStudioVersion = 15.0.27004.2009
MinimumVisualStudioVersion = 10.0.40219.1
Project("{8BC9CEB8-8B4A-11D0-8D11-00A0C91BC942}") = "ListPalindrome", "ListPalindrome\ListPalindrome.vcxproj", "{CEBF7D21-B476-4553-A119-11E61D1208E3}"
EndProject
Global
	GlobalSection(SolutionConfigurationPlatforms) = preSolution
		Debug|x64 = Debug|x64
		Debug|x86 = Debug|x86
		Release|x64 = Release|x64
		Release|x86 = Release|x86
	EndGlobalSection
	GlobalSection(ProjectConfigurationPlatforms) = postSolution
		{CEBF7D21-B476-4553-A119-11E61D1208E3}.Debug|x64.ActiveCfg = Debug|x64
		{CEBF7D21-B476-4553-A119-11E61D1208E3}.Debug|x64.Build.0 = Debug|x64
		{CEBF7D21-B476-4553-A119-11E61D1208E3}.Debug|x86.ActiveCfg = Debug|Win32
		{CEBF7D21-B476-4553-A119-11E61D1208E3}.Debug|x86.Build.0 = Debug|Win32
		{CEBF7D21-B476-4553-A119-11E61D1208E3}.Release|x64.ActiveCfg = Release|x64
		{CEBF7D21-B476-4553-A119-11E61D1208E3}.Release|x64.Build.0 = Release|x64
		{CEBF7D21-B476-4553-A119-11E61D1208E3}.Release|x86.ActiveCfg = Release|Win32
		{CEBF7D21-B476-4553-A119-11E61D1208E3}.Release|x86.Build.0 = Release|Win32
	EndGlobalSection
	GlobalSection(SolutionProperties) = preSolution
		HideSolutionNode = FALSE
	EndGlobalSection
	GlobalSection(ExtensibilityGlobals) = postSolution
		SolutionGuid = {D9866C97-18DB-444D-B2FE-F2875505F4AD}
	EndGlobalSection
EndGlobal
