
Microsoft Visual Studio Solution File, Format Version 12.00
# Visual Studio 15
VisualStudioVersion = 15.0.27130.2020
MinimumVisualStudioVersion = 10.0.40219.1
Project("{FAE04EC0-301F-11D3-BF4B-00C04F79EFBC}") = "StructuresCSharp", "StructuresCSharp\StructuresCSharp.csproj", "{C767FE79-87A1-4A03-98EC-AA723AD5BDF1}"
EndProject
Global
	GlobalSection(SolutionConfigurationPlatforms) = preSolution
		Debug|Any CPU = Debug|Any CPU
		Release|Any CPU = Release|Any CPU
	EndGlobalSection
	GlobalSection(ProjectConfigurationPlatforms) = postSolution
		{C767FE79-87A1-4A03-98EC-AA723AD5BDF1}.Debug|Any CPU.ActiveCfg = Debug|Any CPU
		{C767FE79-87A1-4A03-98EC-AA723AD5BDF1}.Debug|Any CPU.Build.0 = Debug|Any CPU
		{C767FE79-87A1-4A03-98EC-AA723AD5BDF1}.Release|Any CPU.ActiveCfg = Release|Any CPU
		{C767FE79-87A1-4A03-98EC-AA723AD5BDF1}.Release|Any CPU.Build.0 = Release|Any CPU
	EndGlobalSection
	GlobalSection(SolutionProperties) = preSolution
		HideSolutionNode = FALSE
	EndGlobalSection
	GlobalSection(ExtensibilityGlobals) = postSolution
		SolutionGuid = {D32493BE-7341-43FD-B4B4-20EE220CCD4D}
	EndGlobalSection
EndGlobal
