
Microsoft Visual Studio Solution File, Format Version 12.00
# Visual Studio 15
VisualStudioVersion = 15.0.27130.2003
MinimumVisualStudioVersion = 10.0.40219.1
Project("{8BC9CEB8-8B4A-11D0-8D11-00A0C91BC942}") = "MultiSearch", "MultiSearch\MultiSearch.vcxproj", "{3FE41F4E-D208-439F-AE07-9FB6D08CE188}"
EndProject
Global
	GlobalSection(SolutionConfigurationPlatforms) = preSolution
		Debug|x64 = Debug|x64
		Debug|x86 = Debug|x86
		Release|x64 = Release|x64
		Release|x86 = Release|x86
	EndGlobalSection
	GlobalSection(ProjectConfigurationPlatforms) = postSolution
		{3FE41F4E-D208-439F-AE07-9FB6D08CE188}.Debug|x64.ActiveCfg = Debug|x64
		{3FE41F4E-D208-439F-AE07-9FB6D08CE188}.Debug|x64.Build.0 = Debug|x64
		{3FE41F4E-D208-439F-AE07-9FB6D08CE188}.Debug|x86.ActiveCfg = Debug|Win32
		{3FE41F4E-D208-439F-AE07-9FB6D08CE188}.Debug|x86.Build.0 = Debug|Win32
		{3FE41F4E-D208-439F-AE07-9FB6D08CE188}.Release|x64.ActiveCfg = Release|x64
		{3FE41F4E-D208-439F-AE07-9FB6D08CE188}.Release|x64.Build.0 = Release|x64
		{3FE41F4E-D208-439F-AE07-9FB6D08CE188}.Release|x86.ActiveCfg = Release|Win32
		{3FE41F4E-D208-439F-AE07-9FB6D08CE188}.Release|x86.Build.0 = Release|Win32
	EndGlobalSection
	GlobalSection(SolutionProperties) = preSolution
		HideSolutionNode = FALSE
	EndGlobalSection
	GlobalSection(ExtensibilityGlobals) = postSolution
		SolutionGuid = {5EAB5B96-FB58-4819-828D-4563E29D7ABB}
	EndGlobalSection
EndGlobal
