
Microsoft Visual Studio Solution File, Format Version 12.00
# Visual Studio 15
VisualStudioVersion = 15.0.27004.2009
MinimumVisualStudioVersion = 10.0.40219.1
Project("{8BC9CEB8-8B4A-11D0-8D11-00A0C91BC942}") = "PrintKlines", "PrintKlines\PrintKlines.vcxproj", "{78BC6381-ABB3-4496-8161-A97B046C2045}"
EndProject
Global
	GlobalSection(SolutionConfigurationPlatforms) = preSolution
		Debug|x64 = Debug|x64
		Debug|x86 = Debug|x86
		Release|x64 = Release|x64
		Release|x86 = Release|x86
	EndGlobalSection
	GlobalSection(ProjectConfigurationPlatforms) = postSolution
		{78BC6381-ABB3-4496-8161-A97B046C2045}.Debug|x64.ActiveCfg = Debug|x64
		{78BC6381-ABB3-4496-8161-A97B046C2045}.Debug|x64.Build.0 = Debug|x64
		{78BC6381-ABB3-4496-8161-A97B046C2045}.Debug|x86.ActiveCfg = Debug|Win32
		{78BC6381-ABB3-4496-8161-A97B046C2045}.Debug|x86.Build.0 = Debug|Win32
		{78BC6381-ABB3-4496-8161-A97B046C2045}.Release|x64.ActiveCfg = Release|x64
		{78BC6381-ABB3-4496-8161-A97B046C2045}.Release|x64.Build.0 = Release|x64
		{78BC6381-ABB3-4496-8161-A97B046C2045}.Release|x86.ActiveCfg = Release|Win32
		{78BC6381-ABB3-4496-8161-A97B046C2045}.Release|x86.Build.0 = Release|Win32
	EndGlobalSection
	GlobalSection(SolutionProperties) = preSolution
		HideSolutionNode = FALSE
	EndGlobalSection
	GlobalSection(ExtensibilityGlobals) = postSolution
		SolutionGuid = {1C7B4B1B-9AF9-4F64-87A1-B48368E262BB}
	EndGlobalSection
EndGlobal
