
Microsoft Visual Studio Solution File, Format Version 12.00
# Visual Studio 15
VisualStudioVersion = 15.0.27004.2010
MinimumVisualStudioVersion = 10.0.40219.1
Project("{8BC9CEB8-8B4A-11D0-8D11-00A0C91BC942}") = "IsStringNumber", "IsStringNumber\IsStringNumber.vcxproj", "{F2411EDB-6614-43EC-A50F-83B35D5781A8}"
EndProject
Global
	GlobalSection(SolutionConfigurationPlatforms) = preSolution
		Debug|x64 = Debug|x64
		Debug|x86 = Debug|x86
		Release|x64 = Release|x64
		Release|x86 = Release|x86
	EndGlobalSection
	GlobalSection(ProjectConfigurationPlatforms) = postSolution
		{F2411EDB-6614-43EC-A50F-83B35D5781A8}.Debug|x64.ActiveCfg = Debug|x64
		{F2411EDB-6614-43EC-A50F-83B35D5781A8}.Debug|x64.Build.0 = Debug|x64
		{F2411EDB-6614-43EC-A50F-83B35D5781A8}.Debug|x86.ActiveCfg = Debug|Win32
		{F2411EDB-6614-43EC-A50F-83B35D5781A8}.Debug|x86.Build.0 = Debug|Win32
		{F2411EDB-6614-43EC-A50F-83B35D5781A8}.Release|x64.ActiveCfg = Release|x64
		{F2411EDB-6614-43EC-A50F-83B35D5781A8}.Release|x64.Build.0 = Release|x64
		{F2411EDB-6614-43EC-A50F-83B35D5781A8}.Release|x86.ActiveCfg = Release|Win32
		{F2411EDB-6614-43EC-A50F-83B35D5781A8}.Release|x86.Build.0 = Release|Win32
	EndGlobalSection
	GlobalSection(SolutionProperties) = preSolution
		HideSolutionNode = FALSE
	EndGlobalSection
	GlobalSection(ExtensibilityGlobals) = postSolution
		SolutionGuid = {BFD84685-7E4F-4480-8DAD-EEFD7A1C6D70}
	EndGlobalSection
EndGlobal
