
Microsoft Visual Studio Solution File, Format Version 12.00
# Visual Studio 15
VisualStudioVersion = 15.0.27004.2010
MinimumVisualStudioVersion = 10.0.40219.1
Project("{8BC9CEB8-8B4A-11D0-8D11-00A0C91BC942}") = "TrickyQuestions", "TrickyQuestions\TrickyQuestions.vcxproj", "{697F5023-E953-482F-A84E-6B449BB6C14D}"
EndProject
Global
	GlobalSection(SolutionConfigurationPlatforms) = preSolution
		Debug|x64 = Debug|x64
		Debug|x86 = Debug|x86
		Release|x64 = Release|x64
		Release|x86 = Release|x86
	EndGlobalSection
	GlobalSection(ProjectConfigurationPlatforms) = postSolution
		{697F5023-E953-482F-A84E-6B449BB6C14D}.Debug|x64.ActiveCfg = Debug|x64
		{697F5023-E953-482F-A84E-6B449BB6C14D}.Debug|x64.Build.0 = Debug|x64
		{697F5023-E953-482F-A84E-6B449BB6C14D}.Debug|x86.ActiveCfg = Debug|Win32
		{697F5023-E953-482F-A84E-6B449BB6C14D}.Debug|x86.Build.0 = Debug|Win32
		{697F5023-E953-482F-A84E-6B449BB6C14D}.Release|x64.ActiveCfg = Release|x64
		{697F5023-E953-482F-A84E-6B449BB6C14D}.Release|x64.Build.0 = Release|x64
		{697F5023-E953-482F-A84E-6B449BB6C14D}.Release|x86.ActiveCfg = Release|Win32
		{697F5023-E953-482F-A84E-6B449BB6C14D}.Release|x86.Build.0 = Release|Win32
	EndGlobalSection
	GlobalSection(SolutionProperties) = preSolution
		HideSolutionNode = FALSE
	EndGlobalSection
	GlobalSection(ExtensibilityGlobals) = postSolution
		SolutionGuid = {DCFFD71E-B5C0-469F-B37F-24519A2ACA10}
	EndGlobalSection
EndGlobal
