
Microsoft Visual Studio Solution File, Format Version 12.00
# Visual Studio 15
VisualStudioVersion = 15.0.27130.2036
MinimumVisualStudioVersion = 10.0.40219.1
Project("{8BC9CEB8-8B4A-11D0-8D11-00A0C91BC942}") = "ReverseKNodesList", "ReverseKNodesList\ReverseKNodesList.vcxproj", "{D5089642-FDCE-4F4A-9BC6-0A62AC125912}"
EndProject
Global
	GlobalSection(SolutionConfigurationPlatforms) = preSolution
		Debug|x64 = Debug|x64
		Debug|x86 = Debug|x86
		Release|x64 = Release|x64
		Release|x86 = Release|x86
	EndGlobalSection
	GlobalSection(ProjectConfigurationPlatforms) = postSolution
		{D5089642-FDCE-4F4A-9BC6-0A62AC125912}.Debug|x64.ActiveCfg = Debug|x64
		{D5089642-FDCE-4F4A-9BC6-0A62AC125912}.Debug|x64.Build.0 = Debug|x64
		{D5089642-FDCE-4F4A-9BC6-0A62AC125912}.Debug|x86.ActiveCfg = Debug|Win32
		{D5089642-FDCE-4F4A-9BC6-0A62AC125912}.Debug|x86.Build.0 = Debug|Win32
		{D5089642-FDCE-4F4A-9BC6-0A62AC125912}.Release|x64.ActiveCfg = Release|x64
		{D5089642-FDCE-4F4A-9BC6-0A62AC125912}.Release|x64.Build.0 = Release|x64
		{D5089642-FDCE-4F4A-9BC6-0A62AC125912}.Release|x86.ActiveCfg = Release|Win32
		{D5089642-FDCE-4F4A-9BC6-0A62AC125912}.Release|x86.Build.0 = Release|Win32
	EndGlobalSection
	GlobalSection(SolutionProperties) = preSolution
		HideSolutionNode = FALSE
	EndGlobalSection
	GlobalSection(ExtensibilityGlobals) = postSolution
		SolutionGuid = {E40DA485-EC7C-4073-B081-CF1C2D7095A1}
	EndGlobalSection
EndGlobal
