
Microsoft Visual Studio Solution File, Format Version 12.00
# Visual Studio 15
VisualStudioVersion = 15.0.27004.2009
MinimumVisualStudioVersion = 10.0.40219.1
Project("{8BC9CEB8-8B4A-11D0-8D11-00A0C91BC942}") = "Threads", "Threads\Threads.vcxproj", "{E7E0EA31-F65F-4C02-A497-146B5FB5B218}"
EndProject
Global
	GlobalSection(SolutionConfigurationPlatforms) = preSolution
		Debug|x64 = Debug|x64
		Debug|x86 = Debug|x86
		Release|x64 = Release|x64
		Release|x86 = Release|x86
	EndGlobalSection
	GlobalSection(ProjectConfigurationPlatforms) = postSolution
		{E7E0EA31-F65F-4C02-A497-146B5FB5B218}.Debug|x64.ActiveCfg = Debug|x64
		{E7E0EA31-F65F-4C02-A497-146B5FB5B218}.Debug|x64.Build.0 = Debug|x64
		{E7E0EA31-F65F-4C02-A497-146B5FB5B218}.Debug|x86.ActiveCfg = Debug|Win32
		{E7E0EA31-F65F-4C02-A497-146B5FB5B218}.Debug|x86.Build.0 = Debug|Win32
		{E7E0EA31-F65F-4C02-A497-146B5FB5B218}.Release|x64.ActiveCfg = Release|x64
		{E7E0EA31-F65F-4C02-A497-146B5FB5B218}.Release|x64.Build.0 = Release|x64
		{E7E0EA31-F65F-4C02-A497-146B5FB5B218}.Release|x86.ActiveCfg = Release|Win32
		{E7E0EA31-F65F-4C02-A497-146B5FB5B218}.Release|x86.Build.0 = Release|Win32
	EndGlobalSection
	GlobalSection(SolutionProperties) = preSolution
		HideSolutionNode = FALSE
	EndGlobalSection
	GlobalSection(ExtensibilityGlobals) = postSolution
		SolutionGuid = {DD28041C-E314-4DD7-BA20-377F1A37936F}
	EndGlobalSection
EndGlobal
