
Microsoft Visual Studio Solution File, Format Version 12.00
# Visual Studio 15
VisualStudioVersion = 15.0.27004.2008
MinimumVisualStudioVersion = 10.0.40219.1
Project("{FAE04EC0-301F-11D3-BF4B-00C04F79EFBC}") = "FunTime", "FunTime\FunTime.csproj", "{34038DF6-6C73-4B0A-8567-89FE37192F0A}"
EndProject
Global
	GlobalSection(SolutionConfigurationPlatforms) = preSolution
		Debug|ARM = Debug|ARM
		Debug|x64 = Debug|x64
		Debug|x86 = Debug|x86
		Release|ARM = Release|ARM
		Release|x64 = Release|x64
		Release|x86 = Release|x86
	EndGlobalSection
	GlobalSection(ProjectConfigurationPlatforms) = postSolution
		{34038DF6-6C73-4B0A-8567-89FE37192F0A}.Debug|ARM.ActiveCfg = Debug|ARM
		{34038DF6-6C73-4B0A-8567-89FE37192F0A}.Debug|ARM.Build.0 = Debug|ARM
		{34038DF6-6C73-4B0A-8567-89FE37192F0A}.Debug|ARM.Deploy.0 = Debug|ARM
		{34038DF6-6C73-4B0A-8567-89FE37192F0A}.Debug|x64.ActiveCfg = Debug|x64
		{34038DF6-6C73-4B0A-8567-89FE37192F0A}.Debug|x64.Build.0 = Debug|x64
		{34038DF6-6C73-4B0A-8567-89FE37192F0A}.Debug|x64.Deploy.0 = Debug|x64
		{34038DF6-6C73-4B0A-8567-89FE37192F0A}.Debug|x86.ActiveCfg = Debug|x86
		{34038DF6-6C73-4B0A-8567-89FE37192F0A}.Debug|x86.Build.0 = Debug|x86
		{34038DF6-6C73-4B0A-8567-89FE37192F0A}.Debug|x86.Deploy.0 = Debug|x86
		{34038DF6-6C73-4B0A-8567-89FE37192F0A}.Release|ARM.ActiveCfg = Release|ARM
		{34038DF6-6C73-4B0A-8567-89FE37192F0A}.Release|ARM.Build.0 = Release|ARM
		{34038DF6-6C73-4B0A-8567-89FE37192F0A}.Release|ARM.Deploy.0 = Release|ARM
		{34038DF6-6C73-4B0A-8567-89FE37192F0A}.Release|x64.ActiveCfg = Release|x64
		{34038DF6-6C73-4B0A-8567-89FE37192F0A}.Release|x64.Build.0 = Release|x64
		{34038DF6-6C73-4B0A-8567-89FE37192F0A}.Release|x64.Deploy.0 = Release|x64
		{34038DF6-6C73-4B0A-8567-89FE37192F0A}.Release|x86.ActiveCfg = Release|x86
		{34038DF6-6C73-4B0A-8567-89FE37192F0A}.Release|x86.Build.0 = Release|x86
		{34038DF6-6C73-4B0A-8567-89FE37192F0A}.Release|x86.Deploy.0 = Release|x86
	EndGlobalSection
	GlobalSection(SolutionProperties) = preSolution
		HideSolutionNode = FALSE
	EndGlobalSection
	GlobalSection(ExtensibilityGlobals) = postSolution
		SolutionGuid = {2A919C52-AD88-4490-9282-0AD53669CF24}
	EndGlobalSection
EndGlobal
