
Microsoft Visual Studio Solution File, Format Version 12.00
# Visual Studio 15
VisualStudioVersion = 15.0.27004.2008
MinimumVisualStudioVersion = 10.0.40219.1
Project("{8BC9CEB8-8B4A-11D0-8D11-00A0C91BC942}") = "UniqueChars", "UniqueChars\UniqueChars.vcxproj", "{1213FC8A-F4FF-414B-A950-9E4D52A42C60}"
EndProject
Global
	GlobalSection(SolutionConfigurationPlatforms) = preSolution
		Debug|x64 = Debug|x64
		Debug|x86 = Debug|x86
		Release|x64 = Release|x64
		Release|x86 = Release|x86
	EndGlobalSection
	GlobalSection(ProjectConfigurationPlatforms) = postSolution
		{1213FC8A-F4FF-414B-A950-9E4D52A42C60}.Debug|x64.ActiveCfg = Debug|x64
		{1213FC8A-F4FF-414B-A950-9E4D52A42C60}.Debug|x64.Build.0 = Debug|x64
		{1213FC8A-F4FF-414B-A950-9E4D52A42C60}.Debug|x86.ActiveCfg = Debug|Win32
		{1213FC8A-F4FF-414B-A950-9E4D52A42C60}.Debug|x86.Build.0 = Debug|Win32
		{1213FC8A-F4FF-414B-A950-9E4D52A42C60}.Release|x64.ActiveCfg = Release|x64
		{1213FC8A-F4FF-414B-A950-9E4D52A42C60}.Release|x64.Build.0 = Release|x64
		{1213FC8A-F4FF-414B-A950-9E4D52A42C60}.Release|x86.ActiveCfg = Release|Win32
		{1213FC8A-F4FF-414B-A950-9E4D52A42C60}.Release|x86.Build.0 = Release|Win32
	EndGlobalSection
	GlobalSection(SolutionProperties) = preSolution
		HideSolutionNode = FALSE
	EndGlobalSection
	GlobalSection(ExtensibilityGlobals) = postSolution
		SolutionGuid = {A82D2C0D-932E-4F3F-81A9-4EA924CF2B4E}
	EndGlobalSection
EndGlobal
