
Microsoft Visual Studio Solution File, Format Version 12.00
# Visual Studio 15
VisualStudioVersion = 15.0.27004.2009
MinimumVisualStudioVersion = 10.0.40219.1
Project("{8BC9CEB8-8B4A-11D0-8D11-00A0C91BC942}") = "Conversion", "Conversion\Conversion.vcxproj", "{F1125E94-7EF0-4633-AD15-71230D406169}"
EndProject
Global
	GlobalSection(SolutionConfigurationPlatforms) = preSolution
		Debug|x64 = Debug|x64
		Debug|x86 = Debug|x86
		Release|x64 = Release|x64
		Release|x86 = Release|x86
	EndGlobalSection
	GlobalSection(ProjectConfigurationPlatforms) = postSolution
		{F1125E94-7EF0-4633-AD15-71230D406169}.Debug|x64.ActiveCfg = Debug|x64
		{F1125E94-7EF0-4633-AD15-71230D406169}.Debug|x64.Build.0 = Debug|x64
		{F1125E94-7EF0-4633-AD15-71230D406169}.Debug|x86.ActiveCfg = Debug|Win32
		{F1125E94-7EF0-4633-AD15-71230D406169}.Debug|x86.Build.0 = Debug|Win32
		{F1125E94-7EF0-4633-AD15-71230D406169}.Release|x64.ActiveCfg = Release|x64
		{F1125E94-7EF0-4633-AD15-71230D406169}.Release|x64.Build.0 = Release|x64
		{F1125E94-7EF0-4633-AD15-71230D406169}.Release|x86.ActiveCfg = Release|Win32
		{F1125E94-7EF0-4633-AD15-71230D406169}.Release|x86.Build.0 = Release|Win32
	EndGlobalSection
	GlobalSection(SolutionProperties) = preSolution
		HideSolutionNode = FALSE
	EndGlobalSection
	GlobalSection(ExtensibilityGlobals) = postSolution
		SolutionGuid = {712597B6-9904-422C-ADDB-B9D732A29F86}
	EndGlobalSection
EndGlobal
