
Microsoft Visual Studio Solution File, Format Version 12.00
# Visual Studio 15
VisualStudioVersion = 15.0.27428.2002
MinimumVisualStudioVersion = 10.0.40219.1
Project("{8BC9CEB8-8B4A-11D0-8D11-00A0C91BC942}") = "StringToCharArray", "StringToCharArray\StringToCharArray.vcxproj", "{A4EB6F35-C099-4B53-84AD-ABFF396C9202}"
EndProject
Global
	GlobalSection(SolutionConfigurationPlatforms) = preSolution
		Debug|x64 = Debug|x64
		Debug|x86 = Debug|x86
		Release|x64 = Release|x64
		Release|x86 = Release|x86
	EndGlobalSection
	GlobalSection(ProjectConfigurationPlatforms) = postSolution
		{A4EB6F35-C099-4B53-84AD-ABFF396C9202}.Debug|x64.ActiveCfg = Debug|x64
		{A4EB6F35-C099-4B53-84AD-ABFF396C9202}.Debug|x64.Build.0 = Debug|x64
		{A4EB6F35-C099-4B53-84AD-ABFF396C9202}.Debug|x86.ActiveCfg = Debug|Win32
		{A4EB6F35-C099-4B53-84AD-ABFF396C9202}.Debug|x86.Build.0 = Debug|Win32
		{A4EB6F35-C099-4B53-84AD-ABFF396C9202}.Release|x64.ActiveCfg = Release|x64
		{A4EB6F35-C099-4B53-84AD-ABFF396C9202}.Release|x64.Build.0 = Release|x64
		{A4EB6F35-C099-4B53-84AD-ABFF396C9202}.Release|x86.ActiveCfg = Release|Win32
		{A4EB6F35-C099-4B53-84AD-ABFF396C9202}.Release|x86.Build.0 = Release|Win32
	EndGlobalSection
	GlobalSection(SolutionProperties) = preSolution
		HideSolutionNode = FALSE
	EndGlobalSection
	GlobalSection(ExtensibilityGlobals) = postSolution
		SolutionGuid = {7971D0E2-F43C-462C-85E9-D0A0C3925C5E}
	EndGlobalSection
EndGlobal
