
Microsoft Visual Studio Solution File, Format Version 12.00
# Visual Studio 15
VisualStudioVersion = 15.0.27130.0
MinimumVisualStudioVersion = 10.0.40219.1
Project("{8BC9CEB8-8B4A-11D0-8D11-00A0C91BC942}") = "IterativeBST", "IterativeBST\IterativeBST.vcxproj", "{CF554157-D812-4A97-B385-DE305986EB41}"
EndProject
Global
	GlobalSection(SolutionConfigurationPlatforms) = preSolution
		Debug|x64 = Debug|x64
		Debug|x86 = Debug|x86
		Release|x64 = Release|x64
		Release|x86 = Release|x86
	EndGlobalSection
	GlobalSection(ProjectConfigurationPlatforms) = postSolution
		{CF554157-D812-4A97-B385-DE305986EB41}.Debug|x64.ActiveCfg = Debug|x64
		{CF554157-D812-4A97-B385-DE305986EB41}.Debug|x64.Build.0 = Debug|x64
		{CF554157-D812-4A97-B385-DE305986EB41}.Debug|x86.ActiveCfg = Debug|Win32
		{CF554157-D812-4A97-B385-DE305986EB41}.Debug|x86.Build.0 = Debug|Win32
		{CF554157-D812-4A97-B385-DE305986EB41}.Release|x64.ActiveCfg = Release|x64
		{CF554157-D812-4A97-B385-DE305986EB41}.Release|x64.Build.0 = Release|x64
		{CF554157-D812-4A97-B385-DE305986EB41}.Release|x86.ActiveCfg = Release|Win32
		{CF554157-D812-4A97-B385-DE305986EB41}.Release|x86.Build.0 = Release|Win32
	EndGlobalSection
	GlobalSection(SolutionProperties) = preSolution
		HideSolutionNode = FALSE
	EndGlobalSection
	GlobalSection(ExtensibilityGlobals) = postSolution
		SolutionGuid = {5C895DB0-FCD0-4493-A95B-39003E72EBE4}
	EndGlobalSection
EndGlobal
