
Microsoft Visual Studio Solution File, Format Version 12.00
# Visual Studio 15
VisualStudioVersion = 15.0.27004.2009
MinimumVisualStudioVersion = 10.0.40219.1
Project("{8BC9CEB8-8B4A-11D0-8D11-00A0C91BC942}") = "IsNumberAnExponent", "IsNumberAnExponent\IsNumberAnExponent.vcxproj", "{72A9B915-C135-4DBA-8290-86744CBC3265}"
EndProject
Global
	GlobalSection(SolutionConfigurationPlatforms) = preSolution
		Debug|x64 = Debug|x64
		Debug|x86 = Debug|x86
		Release|x64 = Release|x64
		Release|x86 = Release|x86
	EndGlobalSection
	GlobalSection(ProjectConfigurationPlatforms) = postSolution
		{72A9B915-C135-4DBA-8290-86744CBC3265}.Debug|x64.ActiveCfg = Debug|x64
		{72A9B915-C135-4DBA-8290-86744CBC3265}.Debug|x64.Build.0 = Debug|x64
		{72A9B915-C135-4DBA-8290-86744CBC3265}.Debug|x86.ActiveCfg = Debug|Win32
		{72A9B915-C135-4DBA-8290-86744CBC3265}.Debug|x86.Build.0 = Debug|Win32
		{72A9B915-C135-4DBA-8290-86744CBC3265}.Release|x64.ActiveCfg = Release|x64
		{72A9B915-C135-4DBA-8290-86744CBC3265}.Release|x64.Build.0 = Release|x64
		{72A9B915-C135-4DBA-8290-86744CBC3265}.Release|x86.ActiveCfg = Release|Win32
		{72A9B915-C135-4DBA-8290-86744CBC3265}.Release|x86.Build.0 = Release|Win32
	EndGlobalSection
	GlobalSection(SolutionProperties) = preSolution
		HideSolutionNode = FALSE
	EndGlobalSection
	GlobalSection(ExtensibilityGlobals) = postSolution
		SolutionGuid = {6F9C75A6-8962-4D9B-BDDD-3C8ED59F2B16}
	EndGlobalSection
EndGlobal
