
Microsoft Visual Studio Solution File, Format Version 12.00
# Visual Studio 15
VisualStudioVersion = 15.0.27004.2009
MinimumVisualStudioVersion = 10.0.40219.1
Project("{8BC9CEB8-8B4A-11D0-8D11-00A0C91BC942}") = "TriplStep", "TriplStep\TriplStep.vcxproj", "{96A84242-E212-433E-AB1D-72D242C1F801}"
EndProject
Global
	GlobalSection(SolutionConfigurationPlatforms) = preSolution
		Debug|x64 = Debug|x64
		Debug|x86 = Debug|x86
		Release|x64 = Release|x64
		Release|x86 = Release|x86
	EndGlobalSection
	GlobalSection(ProjectConfigurationPlatforms) = postSolution
		{96A84242-E212-433E-AB1D-72D242C1F801}.Debug|x64.ActiveCfg = Debug|x64
		{96A84242-E212-433E-AB1D-72D242C1F801}.Debug|x64.Build.0 = Debug|x64
		{96A84242-E212-433E-AB1D-72D242C1F801}.Debug|x86.ActiveCfg = Debug|Win32
		{96A84242-E212-433E-AB1D-72D242C1F801}.Debug|x86.Build.0 = Debug|Win32
		{96A84242-E212-433E-AB1D-72D242C1F801}.Release|x64.ActiveCfg = Release|x64
		{96A84242-E212-433E-AB1D-72D242C1F801}.Release|x64.Build.0 = Release|x64
		{96A84242-E212-433E-AB1D-72D242C1F801}.Release|x86.ActiveCfg = Release|Win32
		{96A84242-E212-433E-AB1D-72D242C1F801}.Release|x86.Build.0 = Release|Win32
	EndGlobalSection
	GlobalSection(SolutionProperties) = preSolution
		HideSolutionNode = FALSE
	EndGlobalSection
	GlobalSection(ExtensibilityGlobals) = postSolution
		SolutionGuid = {69037293-F521-4BC4-97BF-C4C05A300627}
	EndGlobalSection
EndGlobal
