
Microsoft Visual Studio Solution File, Format Version 12.00
# Visual Studio 15
VisualStudioVersion = 15.0.27130.2026
MinimumVisualStudioVersion = 10.0.40219.1
Project("{8BC9CEB8-8B4A-11D0-8D11-00A0C91BC942}") = "FileCopy", "FileCopy\FileCopy.vcxproj", "{B2332B32-7EFC-4F2E-A0E6-7C98D294FABA}"
EndProject
Global
	GlobalSection(SolutionConfigurationPlatforms) = preSolution
		Debug|x64 = Debug|x64
		Debug|x86 = Debug|x86
		Release|x64 = Release|x64
		Release|x86 = Release|x86
	EndGlobalSection
	GlobalSection(ProjectConfigurationPlatforms) = postSolution
		{B2332B32-7EFC-4F2E-A0E6-7C98D294FABA}.Debug|x64.ActiveCfg = Debug|x64
		{B2332B32-7EFC-4F2E-A0E6-7C98D294FABA}.Debug|x64.Build.0 = Debug|x64
		{B2332B32-7EFC-4F2E-A0E6-7C98D294FABA}.Debug|x86.ActiveCfg = Debug|Win32
		{B2332B32-7EFC-4F2E-A0E6-7C98D294FABA}.Debug|x86.Build.0 = Debug|Win32
		{B2332B32-7EFC-4F2E-A0E6-7C98D294FABA}.Release|x64.ActiveCfg = Release|x64
		{B2332B32-7EFC-4F2E-A0E6-7C98D294FABA}.Release|x64.Build.0 = Release|x64
		{B2332B32-7EFC-4F2E-A0E6-7C98D294FABA}.Release|x86.ActiveCfg = Release|Win32
		{B2332B32-7EFC-4F2E-A0E6-7C98D294FABA}.Release|x86.Build.0 = Release|Win32
	EndGlobalSection
	GlobalSection(SolutionProperties) = preSolution
		HideSolutionNode = FALSE
	EndGlobalSection
	GlobalSection(ExtensibilityGlobals) = postSolution
		SolutionGuid = {587BF580-8499-4BBE-95B2-BA90C63DC49B}
	EndGlobalSection
EndGlobal
