
Microsoft Visual Studio Solution File, Format Version 12.00
# Visual Studio 15
VisualStudioVersion = 15.0.27004.2009
MinimumVisualStudioVersion = 10.0.40219.1
Project("{8BC9CEB8-8B4A-11D0-8D11-00A0C91BC942}") = "Operator", "Operator\Operator.vcxproj", "{BF2ED455-9EA7-4378-9816-FE5CF611F046}"
EndProject
Global
	GlobalSection(SolutionConfigurationPlatforms) = preSolution
		Debug|x64 = Debug|x64
		Debug|x86 = Debug|x86
		Release|x64 = Release|x64
		Release|x86 = Release|x86
	EndGlobalSection
	GlobalSection(ProjectConfigurationPlatforms) = postSolution
		{BF2ED455-9EA7-4378-9816-FE5CF611F046}.Debug|x64.ActiveCfg = Debug|x64
		{BF2ED455-9EA7-4378-9816-FE5CF611F046}.Debug|x64.Build.0 = Debug|x64
		{BF2ED455-9EA7-4378-9816-FE5CF611F046}.Debug|x86.ActiveCfg = Debug|Win32
		{BF2ED455-9EA7-4378-9816-FE5CF611F046}.Debug|x86.Build.0 = Debug|Win32
		{BF2ED455-9EA7-4378-9816-FE5CF611F046}.Release|x64.ActiveCfg = Release|x64
		{BF2ED455-9EA7-4378-9816-FE5CF611F046}.Release|x64.Build.0 = Release|x64
		{BF2ED455-9EA7-4378-9816-FE5CF611F046}.Release|x86.ActiveCfg = Release|Win32
		{BF2ED455-9EA7-4378-9816-FE5CF611F046}.Release|x86.Build.0 = Release|Win32
	EndGlobalSection
	GlobalSection(SolutionProperties) = preSolution
		HideSolutionNode = FALSE
	EndGlobalSection
	GlobalSection(ExtensibilityGlobals) = postSolution
		SolutionGuid = {2D23D1F6-4C61-4A36-82F6-D0834DEC3828}
	EndGlobalSection
EndGlobal
